
Microsoft Visual Studio Solution File, Format Version 12.00
# Visual Studio Version 18
VisualStudioVersion = 18.3.11312.210 d18.3
MinimumVisualStudioVersion = 10.0.40219.1
Project("{FAE04EC0-301F-11D3-BF4B-00C04F79EFBC}") = "NRG.Dependabot", "NRG.Dependabot\NRG.Dependabot.csproj", "{16E09247-1F0C-4F4B-8BD7-82A0231A8E60}"
EndProject
Project("{FAE04EC0-301F-11D3-BF4B-00C04F79EFBC}") = "NRG.Dependabot.Tests", "NRG.Dependabot.Tests\NRG.Dependabot.Tests.csproj", "{22CA5737-78F7-4B24-93CE-CEBA8D904CAF}"
EndProject
Global
	GlobalSection(SolutionConfigurationPlatforms) = preSolution
		Debug|Any CPU = Debug|Any CPU
		Debug|x64 = Debug|x64
		Debug|x86 = Debug|x86
		Release|Any CPU = Release|Any CPU
		Release|x64 = Release|x64
		Release|x86 = Release|x86
	EndGlobalSection
	GlobalSection(ProjectConfigurationPlatforms) = postSolution
		{16E09247-1F0C-4F4B-8BD7-82A0231A8E60}.Debug|Any CPU.ActiveCfg = Debug|Any CPU
		{16E09247-1F0C-4F4B-8BD7-82A0231A8E60}.Debug|Any CPU.Build.0 = Debug|Any CPU
		{16E09247-1F0C-4F4B-8BD7-82A0231A8E60}.Debug|x64.ActiveCfg = Debug|Any CPU
		{16E09247-1F0C-4F4B-8BD7-82A0231A8E60}.Debug|x64.Build.0 = Debug|Any CPU
		{16E09247-1F0C-4F4B-8BD7-82A0231A8E60}.Debug|x86.ActiveCfg = Debug|Any CPU
		{16E09247-1F0C-4F4B-8BD7-82A0231A8E60}.Debug|x86.Build.0 = Debug|Any CPU
		{16E09247-1F0C-4F4B-8BD7-82A0231A8E60}.Release|Any CPU.ActiveCfg = Release|Any CPU
		{16E09247-1F0C-4F4B-8BD7-82A0231A8E60}.Release|Any CPU.Build.0 = Release|Any CPU
		{16E09247-1F0C-4F4B-8BD7-82A0231A8E60}.Release|x64.ActiveCfg = Release|Any CPU
		{16E09247-1F0C-4F4B-8BD7-82A0231A8E60}.Release|x64.Build.0 = Release|Any CPU
		{16E09247-1F0C-4F4B-8BD7-82A0231A8E60}.Release|x86.ActiveCfg = Release|Any CPU
		{16E09247-1F0C-4F4B-8BD7-82A0231A8E60}.Release|x86.Build.0 = Release|Any CPU
		{22CA5737-78F7-4B24-93CE-CEBA8D904CAF}.Debug|Any CPU.ActiveCfg = Debug|Any CPU
		{22CA5737-78F7-4B24-93CE-CEBA8D904CAF}.Debug|Any CPU.Build.0 = Debug|Any CPU
		{22CA5737-78F7-4B24-93CE-CEBA8D904CAF}.Debug|x64.ActiveCfg = Debug|Any CPU
		{22CA5737-78F7-4B24-93CE-CEBA8D904CAF}.Debug|x64.Build.0 = Debug|Any CPU
		{22CA5737-78F7-4B24-93CE-CEBA8D904CAF}.Debug|x86.ActiveCfg = Debug|Any CPU
		{22CA5737-78F7-4B24-93CE-CEBA8D904CAF}.Debug|x86.Build.0 = Debug|Any CPU
		{22CA5737-78F7-4B24-93CE-CEBA8D904CAF}.Release|Any CPU.ActiveCfg = Release|Any CPU
		{22CA5737-78F7-4B24-93CE-CEBA8D904CAF}.Release|Any CPU.Build.0 = Release|Any CPU
		{22CA5737-78F7-4B24-93CE-CEBA8D904CAF}.Release|x64.ActiveCfg = Release|Any CPU
		{22CA5737-78F7-4B24-93CE-CEBA8D904CAF}.Release|x64.Build.0 = Release|Any CPU
		{22CA5737-78F7-4B24-93CE-CEBA8D904CAF}.Release|x86.ActiveCfg = Release|Any CPU
		{22CA5737-78F7-4B24-93CE-CEBA8D904CAF}.Release|x86.Build.0 = Release|Any CPU
	EndGlobalSection
	GlobalSection(SolutionProperties) = preSolution
		HideSolutionNode = FALSE
	EndGlobalSection
EndGlobal
